
Microsoft Visual Studio Solution File, Format Version 12.00
# Visual Studio Version 16
VisualStudioVersion = 16.0.32602.291
MinimumVisualStudioVersion = 10.0.40219.1
Project("{9A19103F-16F7-4668-BE54-9A1E7A4F7556}") = "SaveTheImageToDatabase", "SaveTheImageToDatabase\SaveTheImageToDatabase.csproj", "{EF6F5FFE-AC63-4040-9BCF-1D941D78EB4E}"
EndProject
Project("{9A19103F-16F7-4668-BE54-9A1E7A4F7556}") = "EnumExample", "EnumExample\EnumExample.csproj", "{27AAE7F7-86A5-4956-999F-F46F52E46AF4}"
EndProject
Project("{9A19103F-16F7-4668-BE54-9A1E7A4F7556}") = "Struct", "Struct\Struct.csproj", "{26715733-7A04-46B5-A18A-E1E49B240ACE}"
EndProject
Project("{9A19103F-16F7-4668-BE54-9A1E7A4F7556}") = "StructExample", "StructExample\StructExample.csproj", "{C71B6639-DA36-4DDB-A0C7-FACB31B1BD40}"
EndProject
Project("{9A19103F-16F7-4668-BE54-9A1E7A4F7556}") = "GettingAnExternalLinkAddress", "GettingAnExternalLinkAddress\GettingAnExternalLinkAddress.csproj", "{8955604B-81E5-44F4-B95B-2EDFE7783F63}"
EndProject
Project("{9A19103F-16F7-4668-BE54-9A1E7A4F7556}") = "MethodsThatDoNotReturnValue", "MethodsThatDoNotReturnValue\MethodsThatDoNotReturnValue.csproj", "{0BF37AFC-66E4-4E53-BB52-0926AA97C33E}"
EndProject
Project("{9A19103F-16F7-4668-BE54-9A1E7A4F7556}") = "MethodsThatDoReturnValues", "MethodsThatDoReturnValues\MethodsThatDoReturnValues.csproj", "{EF6A86AD-BF67-4729-8592-B124DC49B2A1}"
EndProject
Project("{9A19103F-16F7-4668-BE54-9A1E7A4F7556}") = "ClassAndObjectConcept", "ClassAndObjectConcept\ClassAndObjectConcept.csproj", "{83FFE189-9035-4A5C-BDD6-3B2692C66B57}"
EndProject
Project("{FAE04EC0-301F-11D3-BF4B-00C04F79EFBC}") = "EncryptonAlgorithms", "EncryptonAlgorithms\EncryptonAlgorithms.csproj", "{326D7EA9-51F9-44CD-A70F-4FCD59A6E3A7}"
EndProject
Project("{FAE04EC0-301F-11D3-BF4B-00C04F79EFBC}") = "RelatedTables", "RelatedTables\RelatedTables.csproj", "{0EC82002-171E-4279-837A-1F18C2184D25}"
EndProject
Project("{FAE04EC0-301F-11D3-BF4B-00C04F79EFBC}") = "DatabaseDictionaryApplication", "DatabaseDictionaryApplication\DatabaseDictionaryApplication.csproj", "{14A93F0B-F3DB-4DC2-B564-6BE94DF29893}"
EndProject
Project("{FAE04EC0-301F-11D3-BF4B-00C04F79EFBC}") = "Translate", "Translate\Translate.csproj", "{A8C08FD7-75AC-4A61-B154-F5B20850718A}"
EndProject
Project("{FAE04EC0-301F-11D3-BF4B-00C04F79EFBC}") = "ConditionalColoringWithDataGridView", "ConditionalColoringWithDataGridView\ConditionalColoringWithDataGridView.csproj", "{164C4FDF-D143-44F1-81A7-084E5D4A9B92}"
EndProject
Project("{FAE04EC0-301F-11D3-BF4B-00C04F79EFBC}") = "CaptureaNewsHeadlinefromHürriyet", "CaptureaNewsHeadlinefromHürriyet\CaptureaNewsHeadlinefromHürriyet.csproj", "{59B3DD8F-48E9-41AC-804F-D68B6D965779}"
EndProject
Project("{FAE04EC0-301F-11D3-BF4B-00C04F79EFBC}") = "CaesarEncryption", "CaesarEncryption\CaesarEncryption.csproj", "{52C1711D-4A1B-469A-BF09-AC7ABB19221B}"
EndProject
Project("{FAE04EC0-301F-11D3-BF4B-00C04F79EFBC}") = "PreventRepetitiveRecording", "PreventRepetitiveRecording\PreventRepetitiveRecording.csproj", "{D7360A2F-3E9C-4CBA-9077-15F69C4F48BA}"
EndProject
Project("{FAE04EC0-301F-11D3-BF4B-00C04F79EFBC}") = "DataListingWithExcel", "DataListingWithExcel\DataListingWithExcel.csproj", "{801F9F38-0584-4674-A930-A42D72BA7FDF}"
EndProject
Project("{FAE04EC0-301F-11D3-BF4B-00C04F79EFBC}") = "ListStructure", "ListStructure\ListStructure.csproj", "{DE811892-E491-4B11-A838-6076229BB352}"
EndProject
Project("{FAE04EC0-301F-11D3-BF4B-00C04F79EFBC}") = "Delegates", "Delegates\Delegates.csproj", "{AA481087-FC57-4BAF-B2B6-0C7DEF6E66D2}"
EndProject
Project("{FAE04EC0-301F-11D3-BF4B-00C04F79EFBC}") = "Delegates2", "Delegates2\Delegates2.csproj", "{8D659256-0D53-4F15-882F-05D3FF206B59}"
EndProject
Project("{FAE04EC0-301F-11D3-BF4B-00C04F79EFBC}") = "Events", "Events\Events.csproj", "{12458861-1C06-443C-A493-E3F16E2E12F4}"
EndProject
Project("{FAE04EC0-301F-11D3-BF4B-00C04F79EFBC}") = "OverLoading", "OverLoading\OverLoading.csproj", "{6D1B14B0-89AA-404B-ACED-22D1292F54F5}"
EndProject
Project("{FAE04EC0-301F-11D3-BF4B-00C04F79EFBC}") = "EntityFrameworkModelFirst", "EntityFrameworkModelFirst\EntityFrameworkModelFirst.csproj", "{5C3D8DF5-A3A9-445E-BEAC-96C15F501D18}"
EndProject
Project("{FAE04EC0-301F-11D3-BF4B-00C04F79EFBC}") = "DisplayMemberAndValueMember", "DisplayMemberAndValueMember\DisplayMemberAndValueMember.csproj", "{FE77BC02-CEF2-459C-A3FF-B77C50F8B9FC}"
EndProject
Global
	GlobalSection(SolutionConfigurationPlatforms) = preSolution
		Debug|Any CPU = Debug|Any CPU
		Release|Any CPU = Release|Any CPU
	EndGlobalSection
	GlobalSection(ProjectConfigurationPlatforms) = postSolution
		{EF6F5FFE-AC63-4040-9BCF-1D941D78EB4E}.Debug|Any CPU.ActiveCfg = Debug|Any CPU
		{EF6F5FFE-AC63-4040-9BCF-1D941D78EB4E}.Debug|Any CPU.Build.0 = Debug|Any CPU
		{EF6F5FFE-AC63-4040-9BCF-1D941D78EB4E}.Release|Any CPU.ActiveCfg = Release|Any CPU
		{EF6F5FFE-AC63-4040-9BCF-1D941D78EB4E}.Release|Any CPU.Build.0 = Release|Any CPU
		{27AAE7F7-86A5-4956-999F-F46F52E46AF4}.Debug|Any CPU.ActiveCfg = Debug|Any CPU
		{27AAE7F7-86A5-4956-999F-F46F52E46AF4}.Debug|Any CPU.Build.0 = Debug|Any CPU
		{27AAE7F7-86A5-4956-999F-F46F52E46AF4}.Release|Any CPU.ActiveCfg = Release|Any CPU
		{27AAE7F7-86A5-4956-999F-F46F52E46AF4}.Release|Any CPU.Build.0 = Release|Any CPU
		{26715733-7A04-46B5-A18A-E1E49B240ACE}.Debug|Any CPU.ActiveCfg = Debug|Any CPU
		{26715733-7A04-46B5-A18A-E1E49B240ACE}.Debug|Any CPU.Build.0 = Debug|Any CPU
		{26715733-7A04-46B5-A18A-E1E49B240ACE}.Release|Any CPU.ActiveCfg = Release|Any CPU
		{26715733-7A04-46B5-A18A-E1E49B240ACE}.Release|Any CPU.Build.0 = Release|Any CPU
		{C71B6639-DA36-4DDB-A0C7-FACB31B1BD40}.Debug|Any CPU.ActiveCfg = Debug|Any CPU
		{C71B6639-DA36-4DDB-A0C7-FACB31B1BD40}.Debug|Any CPU.Build.0 = Debug|Any CPU
		{C71B6639-DA36-4DDB-A0C7-FACB31B1BD40}.Release|Any CPU.ActiveCfg = Release|Any CPU
		{C71B6639-DA36-4DDB-A0C7-FACB31B1BD40}.Release|Any CPU.Build.0 = Release|Any CPU
		{8955604B-81E5-44F4-B95B-2EDFE7783F63}.Debug|Any CPU.ActiveCfg = Debug|Any CPU
		{8955604B-81E5-44F4-B95B-2EDFE7783F63}.Debug|Any CPU.Build.0 = Debug|Any CPU
		{8955604B-81E5-44F4-B95B-2EDFE7783F63}.Release|Any CPU.ActiveCfg = Release|Any CPU
		{8955604B-81E5-44F4-B95B-2EDFE7783F63}.Release|Any CPU.Build.0 = Release|Any CPU
		{0BF37AFC-66E4-4E53-BB52-0926AA97C33E}.Debug|Any CPU.ActiveCfg = Debug|Any CPU
		{0BF37AFC-66E4-4E53-BB52-0926AA97C33E}.Debug|Any CPU.Build.0 = Debug|Any CPU
		{0BF37AFC-66E4-4E53-BB52-0926AA97C33E}.Release|Any CPU.ActiveCfg = Release|Any CPU
		{0BF37AFC-66E4-4E53-BB52-0926AA97C33E}.Release|Any CPU.Build.0 = Release|Any CPU
		{EF6A86AD-BF67-4729-8592-B124DC49B2A1}.Debug|Any CPU.ActiveCfg = Debug|Any CPU
		{EF6A86AD-BF67-4729-8592-B124DC49B2A1}.Debug|Any CPU.Build.0 = Debug|Any CPU
		{EF6A86AD-BF67-4729-8592-B124DC49B2A1}.Release|Any CPU.ActiveCfg = Release|Any CPU
		{EF6A86AD-BF67-4729-8592-B124DC49B2A1}.Release|Any CPU.Build.0 = Release|Any CPU
		{83FFE189-9035-4A5C-BDD6-3B2692C66B57}.Debug|Any CPU.ActiveCfg = Debug|Any CPU
		{83FFE189-9035-4A5C-BDD6-3B2692C66B57}.Debug|Any CPU.Build.0 = Debug|Any CPU
		{83FFE189-9035-4A5C-BDD6-3B2692C66B57}.Release|Any CPU.ActiveCfg = Release|Any CPU
		{83FFE189-9035-4A5C-BDD6-3B2692C66B57}.Release|Any CPU.Build.0 = Release|Any CPU
		{326D7EA9-51F9-44CD-A70F-4FCD59A6E3A7}.Debug|Any CPU.ActiveCfg = Debug|Any CPU
		{326D7EA9-51F9-44CD-A70F-4FCD59A6E3A7}.Debug|Any CPU.Build.0 = Debug|Any CPU
		{326D7EA9-51F9-44CD-A70F-4FCD59A6E3A7}.Release|Any CPU.ActiveCfg = Release|Any CPU
		{326D7EA9-51F9-44CD-A70F-4FCD59A6E3A7}.Release|Any CPU.Build.0 = Release|Any CPU
		{0EC82002-171E-4279-837A-1F18C2184D25}.Debug|Any CPU.ActiveCfg = Debug|Any CPU
		{0EC82002-171E-4279-837A-1F18C2184D25}.Debug|Any CPU.Build.0 = Debug|Any CPU
		{0EC82002-171E-4279-837A-1F18C2184D25}.Release|Any CPU.ActiveCfg = Release|Any CPU
		{0EC82002-171E-4279-837A-1F18C2184D25}.Release|Any CPU.Build.0 = Release|Any CPU
		{14A93F0B-F3DB-4DC2-B564-6BE94DF29893}.Debug|Any CPU.ActiveCfg = Debug|Any CPU
		{14A93F0B-F3DB-4DC2-B564-6BE94DF29893}.Debug|Any CPU.Build.0 = Debug|Any CPU
		{14A93F0B-F3DB-4DC2-B564-6BE94DF29893}.Release|Any CPU.ActiveCfg = Release|Any CPU
		{14A93F0B-F3DB-4DC2-B564-6BE94DF29893}.Release|Any CPU.Build.0 = Release|Any CPU
		{A8C08FD7-75AC-4A61-B154-F5B20850718A}.Debug|Any CPU.ActiveCfg = Debug|Any CPU
		{A8C08FD7-75AC-4A61-B154-F5B20850718A}.Debug|Any CPU.Build.0 = Debug|Any CPU
		{A8C08FD7-75AC-4A61-B154-F5B20850718A}.Release|Any CPU.ActiveCfg = Release|Any CPU
		{A8C08FD7-75AC-4A61-B154-F5B20850718A}.Release|Any CPU.Build.0 = Release|Any CPU
		{164C4FDF-D143-44F1-81A7-084E5D4A9B92}.Debug|Any CPU.ActiveCfg = Debug|Any CPU
		{164C4FDF-D143-44F1-81A7-084E5D4A9B92}.Debug|Any CPU.Build.0 = Debug|Any CPU
		{164C4FDF-D143-44F1-81A7-084E5D4A9B92}.Release|Any CPU.ActiveCfg = Release|Any CPU
		{164C4FDF-D143-44F1-81A7-084E5D4A9B92}.Release|Any CPU.Build.0 = Release|Any CPU
		{59B3DD8F-48E9-41AC-804F-D68B6D965779}.Debug|Any CPU.ActiveCfg = Debug|Any CPU
		{59B3DD8F-48E9-41AC-804F-D68B6D965779}.Debug|Any CPU.Build.0 = Debug|Any CPU
		{59B3DD8F-48E9-41AC-804F-D68B6D965779}.Release|Any CPU.ActiveCfg = Release|Any CPU
		{59B3DD8F-48E9-41AC-804F-D68B6D965779}.Release|Any CPU.Build.0 = Release|Any CPU
		{52C1711D-4A1B-469A-BF09-AC7ABB19221B}.Debug|Any CPU.ActiveCfg = Debug|Any CPU
		{52C1711D-4A1B-469A-BF09-AC7ABB19221B}.Debug|Any CPU.Build.0 = Debug|Any CPU
		{52C1711D-4A1B-469A-BF09-AC7ABB19221B}.Release|Any CPU.ActiveCfg = Release|Any CPU
		{52C1711D-4A1B-469A-BF09-AC7ABB19221B}.Release|Any CPU.Build.0 = Release|Any CPU
		{D7360A2F-3E9C-4CBA-9077-15F69C4F48BA}.Debug|Any CPU.ActiveCfg = Debug|Any CPU
		{D7360A2F-3E9C-4CBA-9077-15F69C4F48BA}.Debug|Any CPU.Build.0 = Debug|Any CPU
		{D7360A2F-3E9C-4CBA-9077-15F69C4F48BA}.Release|Any CPU.ActiveCfg = Release|Any CPU
		{D7360A2F-3E9C-4CBA-9077-15F69C4F48BA}.Release|Any CPU.Build.0 = Release|Any CPU
		{801F9F38-0584-4674-A930-A42D72BA7FDF}.Debug|Any CPU.ActiveCfg = Debug|Any CPU
		{801F9F38-0584-4674-A930-A42D72BA7FDF}.Debug|Any CPU.Build.0 = Debug|Any CPU
		{801F9F38-0584-4674-A930-A42D72BA7FDF}.Release|Any CPU.ActiveCfg = Release|Any CPU
		{801F9F38-0584-4674-A930-A42D72BA7FDF}.Release|Any CPU.Build.0 = Release|Any CPU
		{DE811892-E491-4B11-A838-6076229BB352}.Debug|Any CPU.ActiveCfg = Debug|Any CPU
		{DE811892-E491-4B11-A838-6076229BB352}.Debug|Any CPU.Build.0 = Debug|Any CPU
		{DE811892-E491-4B11-A838-6076229BB352}.Release|Any CPU.ActiveCfg = Release|Any CPU
		{DE811892-E491-4B11-A838-6076229BB352}.Release|Any CPU.Build.0 = Release|Any CPU
		{AA481087-FC57-4BAF-B2B6-0C7DEF6E66D2}.Debug|Any CPU.ActiveCfg = Debug|Any CPU
		{AA481087-FC57-4BAF-B2B6-0C7DEF6E66D2}.Debug|Any CPU.Build.0 = Debug|Any CPU
		{AA481087-FC57-4BAF-B2B6-0C7DEF6E66D2}.Release|Any CPU.ActiveCfg = Release|Any CPU
		{AA481087-FC57-4BAF-B2B6-0C7DEF6E66D2}.Release|Any CPU.Build.0 = Release|Any CPU
		{8D659256-0D53-4F15-882F-05D3FF206B59}.Debug|Any CPU.ActiveCfg = Debug|Any CPU
		{8D659256-0D53-4F15-882F-05D3FF206B59}.Debug|Any CPU.Build.0 = Debug|Any CPU
		{8D659256-0D53-4F15-882F-05D3FF206B59}.Release|Any CPU.ActiveCfg = Release|Any CPU
		{8D659256-0D53-4F15-882F-05D3FF206B59}.Release|Any CPU.Build.0 = Release|Any CPU
		{12458861-1C06-443C-A493-E3F16E2E12F4}.Debug|Any CPU.ActiveCfg = Debug|Any CPU
		{12458861-1C06-443C-A493-E3F16E2E12F4}.Debug|Any CPU.Build.0 = Debug|Any CPU
		{12458861-1C06-443C-A493-E3F16E2E12F4}.Release|Any CPU.ActiveCfg = Release|Any CPU
		{12458861-1C06-443C-A493-E3F16E2E12F4}.Release|Any CPU.Build.0 = Release|Any CPU
		{6D1B14B0-89AA-404B-ACED-22D1292F54F5}.Debug|Any CPU.ActiveCfg = Debug|Any CPU
		{6D1B14B0-89AA-404B-ACED-22D1292F54F5}.Debug|Any CPU.Build.0 = Debug|Any CPU
		{6D1B14B0-89AA-404B-ACED-22D1292F54F5}.Release|Any CPU.ActiveCfg = Release|Any CPU
		{6D1B14B0-89AA-404B-ACED-22D1292F54F5}.Release|Any CPU.Build.0 = Release|Any CPU
		{5C3D8DF5-A3A9-445E-BEAC-96C15F501D18}.Debug|Any CPU.ActiveCfg = Debug|Any CPU
		{5C3D8DF5-A3A9-445E-BEAC-96C15F501D18}.Debug|Any CPU.Build.0 = Debug|Any CPU
		{5C3D8DF5-A3A9-445E-BEAC-96C15F501D18}.Release|Any CPU.ActiveCfg = Release|Any CPU
		{5C3D8DF5-A3A9-445E-BEAC-96C15F501D18}.Release|Any CPU.Build.0 = Release|Any CPU
		{FE77BC02-CEF2-459C-A3FF-B77C50F8B9FC}.Debug|Any CPU.ActiveCfg = Debug|Any CPU
		{FE77BC02-CEF2-459C-A3FF-B77C50F8B9FC}.Debug|Any CPU.Build.0 = Debug|Any CPU
		{FE77BC02-CEF2-459C-A3FF-B77C50F8B9FC}.Release|Any CPU.ActiveCfg = Release|Any CPU
		{FE77BC02-CEF2-459C-A3FF-B77C50F8B9FC}.Release|Any CPU.Build.0 = Release|Any CPU
	EndGlobalSection
	GlobalSection(SolutionProperties) = preSolution
		HideSolutionNode = FALSE
	EndGlobalSection
	GlobalSection(ExtensibilityGlobals) = postSolution
		SolutionGuid = {6C4B1058-A28E-4A26-A91E-AEADC9C34164}
	EndGlobalSection
EndGlobal
